
Microsoft Visual Studio Solution File, Format Version 12.00
# Visual Studio Version 17
VisualStudioVersion = 17.1.32210.238
MinimumVisualStudioVersion = 10.0.40219.1
Project("{9A19103F-16F7-4668-BE54-9A1E7A4F7556}") = "TodoListApp.Server", "Server\TodoListApp.Server.csproj", "{4529E307-5479-431A-8E3C-DB5AEF44ECAD}"
EndProject
Project("{9A19103F-16F7-4668-BE54-9A1E7A4F7556}") = "TodoListApp.Client", "Client\TodoListApp.Client.csproj", "{00CEEC1B-1B9E-41A3-AEFD-2E452E33FCA2}"
EndProject
Project("{9A19103F-16F7-4668-BE54-9A1E7A4F7556}") = "TodoListApp.Shared", "Shared\TodoListApp.Shared.csproj", "{81FCFD02-10BA-4E0F-B9C3-29816786F2B1}"
EndProject
Global
	GlobalSection(SolutionConfigurationPlatforms) = preSolution
		Debug|Any CPU = Debug|Any CPU
		Release|Any CPU = Release|Any CPU
	EndGlobalSection
	GlobalSection(ProjectConfigurationPlatforms) = postSolution
		{4529E307-5479-431A-8E3C-DB5AEF44ECAD}.Debug|Any CPU.ActiveCfg = Debug|Any CPU
		{4529E307-5479-431A-8E3C-DB5AEF44ECAD}.Debug|Any CPU.Build.0 = Debug|Any CPU
		{4529E307-5479-431A-8E3C-DB5AEF44ECAD}.Release|Any CPU.ActiveCfg = Release|Any CPU
		{4529E307-5479-431A-8E3C-DB5AEF44ECAD}.Release|Any CPU.Build.0 = Release|Any CPU
		{00CEEC1B-1B9E-41A3-AEFD-2E452E33FCA2}.Debug|Any CPU.ActiveCfg = Debug|Any CPU
		{00CEEC1B-1B9E-41A3-AEFD-2E452E33FCA2}.Debug|Any CPU.Build.0 = Debug|Any CPU
		{00CEEC1B-1B9E-41A3-AEFD-2E452E33FCA2}.Release|Any CPU.ActiveCfg = Release|Any CPU
		{00CEEC1B-1B9E-41A3-AEFD-2E452E33FCA2}.Release|Any CPU.Build.0 = Release|Any CPU
		{81FCFD02-10BA-4E0F-B9C3-29816786F2B1}.Debug|Any CPU.ActiveCfg = Debug|Any CPU
		{81FCFD02-10BA-4E0F-B9C3-29816786F2B1}.Debug|Any CPU.Build.0 = Debug|Any CPU
		{81FCFD02-10BA-4E0F-B9C3-29816786F2B1}.Release|Any CPU.ActiveCfg = Release|Any CPU
		{81FCFD02-10BA-4E0F-B9C3-29816786F2B1}.Release|Any CPU.Build.0 = Release|Any CPU
	EndGlobalSection
	GlobalSection(SolutionProperties) = preSolution
		HideSolutionNode = FALSE
	EndGlobalSection
	GlobalSection(ExtensibilityGlobals) = postSolution
		SolutionGuid = {60BEA895-1735-425D-B4B6-46368558E6F1}
	EndGlobalSection
EndGlobal
